github.com/gethugothemes/hugo-modules/accordion v0.0.0-20241123034247-ea3817d07c63 h1:HwKXGhf6enFFApCF2sFx+lgm0wNikKqpChBGWNwQQI0=
github.com/gethugothemes/hugo-modules/accordion v0.0.0-20241123034247-ea3817d07c63/go.mod h1:D4DpauKPDcUHI9CVKYmJeO6bkSJIhUN864TyXZ2o0VI=
github.com/gethugothemes/hugo-modules/adsense v0.0.0-20241123034247-ea3817d07c63 h1:06eXQEMdgi0GmAIFj7cI7vwzbTNE7gkPvUI8LJuV1U8=
github.com/gethugothemes/hugo-modules/adsense v0.0.0-20241123034247-ea3817d07c63/go.mod h1:8p/gG/cyyu20z4q5cFN/JGE5TOFA55Xsp+aIP9KCsqo=
github.com/gethugothemes/hugo-modules/components/announcement v0.0.0-20241123034247-ea3817d07c63 h1:k9HwCTAH9VGTEWlGAdVPbTOP+5+byBycDMNRZfHcMvg=
github.com/gethugothemes/hugo-modules/components/announcement v0.0.0-20241123034247-ea3817d07c63/go.mod h1:BO6vbFLvEgb45epi/QtUkQmTyqsWSwxIqTpwDvqJFHk=
github.com/gethugothemes/hugo-modules/components/cookie-consent v0.0.0-20241123034247-ea3817d07c63 h1:uJD2X5l4cudRq/YfOoL4RmursnQYCIHOlUYeNIPSlwc=
github.com/gethugothemes/hugo-modules/components/cookie-consent v0.0.0-20241123034247-ea3817d07c63/go.mod h1:511ERLpGe3ZTfV2z/NAtUSR5NqKF26h9z5lU/zYV4YQ=
github.com/gethugothemes/hugo-modules/components/custom-script v0.0.0-20241123034247-ea3817d07c63 h1:6dXkxjnsswTdcdp83ysLrV3WaUNx0fFdY1eFsXkskHw=
github.com/gethugothemes/hugo-modules/components/custom-script v0.0.0-20241123034247-ea3817d07c63/go.mod h1:RuDHq4WnK8sNEzAIJr4BZQ7oXhzcct/EKaAxc2Xvi9E=
github.com/gethugothemes/hugo-modules/components/preloader v0.0.0-20241123034247-ea3817d07c63 h1:1STB61TFnuxkkqDFung+K81ch3sdX4YyI0o0H6sgznE=
github.com/gethugothemes/hugo-modules/components/preloader v0.0.0-20241123034247-ea3817d07c63/go.mod h1:FP0iQ3tMOesuWFZhLst2KEvUEYPb5Jk1GW+QBP9lrwg=
github.com/gethugothemes/hugo-modules/components/render-link v0.0.0-20241123034247-ea3817d07c63 h1:+g9mOjyATkbLUJbSanFxuK+Axe/CzAtmCThnTJHUsbQ=
github.com/gethugothemes/hugo-modules/components/render-link v0.0.0-20241123034247-ea3817d07c63/go.mod h1:z3YcIeEBUonAoRDY1/Jv1ojNVkZ5ud35a0Nn8L4Inx0=
github.com/gethugothemes/hugo-modules/components/social-share v0.0.0-20241123034247-ea3817d07c63 h1:22yLK6At0aj5D8o+kmGpRSXegSStsybR2oOENrr6Mgs=
github.com/gethugothemes/hugo-modules/components/social-share v0.0.0-20241123034247-ea3817d07c63/go.mod h1:Gcj4RM/EBECsJMZnPeWjfy/1roRYGqzV9GYNmeHkvFA=
github.com/gethugothemes/hugo-modules/gallery-slider v0.0.0-20241123034247-ea3817d07c63 h1:vjHmQag0q4TR+4Q32zG1LuJ9vK9ubGvoGtD+57xBD8E=
github.com/gethugothemes/hugo-modules/gallery-slider v0.0.0-20241123034247-ea3817d07c63/go.mod h1:MvQ2js/ofZ22CTX5wuvE+dC0rMe6C5HAWL2fEOu/yzE=
github.com/gethugothemes/hugo-modules/gzip-caching v0.0.0-20241123034247-ea3817d07c63 h1:wBKHYokgwDQ8SJQY5HobC/RmZkSE3UB/6fVZgNAQb7Q=
github.com/gethugothemes/hugo-modules/gzip-caching v0.0.0-20241123034247-ea3817d07c63/go.mod h1:0ZMjTZVG4XLZU2/icc8Saqo4mmgMpfRTrUZU2Aa2Pwg=
github.com/gethugothemes/hugo-modules/icons/font-awesome v0.0.0-20241123034247-ea3817d07c63 h1:isEheZ87o8vz2G5TEjiNzYmqb2Mz5CrGanUuI+YWK98=
github.com/gethugothemes/hugo-modules/icons/font-awesome v0.0.0-20241123034247-ea3817d07c63/go.mod h1:d3gy1vQyfasPmGpau7HpQLrXbOv23PfXclSnjyOBxeU=
github.com/gethugothemes/hugo-modules/images v0.0.0-20241123034247-ea3817d07c63 h1:dNANdjCRtjrzvapq/57gMvyKlaYeenrLPMI52eiHrSw=
github.com/gethugothemes/hugo-modules/images v0.0.0-20241123034247-ea3817d07c63/go.mod h1:FKliP3qOW9diIcQeLtyZ0Hdhg3PL8bdAkC/6O+XtU90=
github.com/gethugothemes/hugo-modules/modal v0.0.0-20241123034247-ea3817d07c63 h1:Swa4/NuAAjFUYROvHPfeOgCpcK75ZuMGoZEE5achxHM=
github.com/gethugothemes/hugo-modules/modal v0.0.0-20241123034247-ea3817d07c63/go.mod h1:Eb9v7oV6biymfvjcBhQdvgn0gUGYhUtfCMeOBLFpFsk=
github.com/gethugothemes/hugo-modules/pwa v0.0.0-20241123034247-ea3817d07c63 h1:5BAMeMZXpFXsfn9HNuqdoP4ngJp6qxEkvLlqgk4OLPo=
github.com/gethugothemes/hugo-modules/pwa v0.0.0-20241123034247-ea3817d07c63/go.mod h1:TRv7iszdfo37O1PbBEE+S8X/enAdpRIxK5DGrp13Qbo=
github.com/gethugothemes/hugo-modules/search v0.0.0-20241123034247-ea3817d07c63 h1:WRD8AHQsPp8MoXh0vSq7Sa0NvRm0E6UF77UA2DASXU0=
github.com/gethugothemes/hugo-modules/search v0.0.0-20241123034247-ea3817d07c63/go.mod h1:tmDvLaZCM+QDvS/WLZXNjY1QTdWh7/68D2wIToECbyA=
github.com/gethugothemes/hugo-modules/seo-tools/basic-seo v0.0.0-20241123034247-ea3817d07c63 h1:v2Cer04b9PGacpTEmSxdOf1tZUBvNpccwyGGLenHy3k=
github.com/gethugothemes/hugo-modules/seo-tools/basic-seo v0.0.0-20241123034247-ea3817d07c63/go.mod h1:Q8dPgjamV7pxwKSQyWV21Xwh5CGi23/k+M8HPTphYbs=
github.com/gethugothemes/hugo-modules/seo-tools/google-tag-manager v0.0.0-20241123034247-ea3817d07c63 h1:uPmseC+Xy/6mL1IQGrj27W439cwE/oObc4VDWDo7A3A=
github.com/gethugothemes/hugo-modules/seo-tools/google-tag-manager v0.0.0-20241123034247-ea3817d07c63/go.mod h1:cCq50yd55eFTrpqOfeyOK5X0hU5E7qxsqOD7IzTsgLA=
github.com/gethugothemes/hugo-modules/seo-tools/site-verifications v0.0.0-20241123034247-ea3817d07c63 h1:uciUv/tQpsE3YOfWEjtAqf1/M1nH6bfnDVXK/qQyqvI=
github.com/gethugothemes/hugo-modules/seo-tools/site-verifications v0.0.0-20241123034247-ea3817d07c63/go.mod h1:iXielaya126qJscz7Bc2G2WB91moloQOoWru6UoBUyE=
github.com/gethugothemes/hugo-modules/shortcodes/button v0.0.0-20241123034247-ea3817d07c63 h1:BzzygKxRwUQ7nUmDSjNxGxNUeVNl+Z4un0m4By2l2lM=
github.com/gethugothemes/hugo-modules/shortcodes/button v0.0.0-20241123034247-ea3817d07c63/go.mod h1:MSvxGvjvcGUKTs6YMATU/9kYFrzW+VSVdy4CCOQLdsY=
github.com/gethugothemes/hugo-modules/shortcodes/notice v0.0.0-20241123034247-ea3817d07c63 h1:EwQYPiaUVIDbyOxQ183x0aKnX7kWQEZ3lXY8irv2Ttg=
github.com/gethugothemes/hugo-modules/shortcodes/notice v0.0.0-20241123034247-ea3817d07c63/go.mod h1:ljWyMJx82WA+6SlKjbGFhEdxcriyvUTCjXkJHDa4lho=
github.com/gethugothemes/hugo-modules/tab v0.0.0-20241123034247-ea3817d07c63 h1:UMGgRBr2WE2Ydw7WIds4vsMiiGduPhmbEEqoBBqTN/M=
github.com/gethugothemes/hugo-modules/tab v0.0.0-20241123034247-ea3817d07c63/go.mod h1:h3UxlxrFoU19JldxWLPBKaTZFe3AJtABrqo1wfxr+Ng=
github.com/gethugothemes/hugo-modules/table-of-contents v0.0.0-20241123034247-ea3817d07c63 h1:fNxTAGQ+ATMFP8aCRm+Ea8mevgLdFBv7a6mqgqE+qFE=
github.com/gethugothemes/hugo-modules/table-of-contents v0.0.0-20241123034247-ea3817d07c63/go.mod h1:bEDw4veccQQQYEdVrfu13ATRUWfW8ptDIjJZuhYh4Tw=
github.com/gethugothemes/hugo-modules/videos v0.0.0-20241123034247-ea3817d07c63 h1:0o06+h0EniORfg/w7kb5aU0DAdFCyAAYRD5/ioBE87o=
github.com/gethugothemes/hugo-modules/videos v0.0.0-20241123034247-ea3817d07c63/go.mod h1:P722lLWdnNhdZVq6gvMrOLqECUwrAYQWaOWlChta5H0=
github.com/hugomods/mermaid v0.1.4 h1:/u0FZRSBMpqTbDh4XPBL7c6p0DUjvIkoo9cC89GASSI=
github.com/hugomods/mermaid v0.1.4/go.mod h1:GOID2Ko1vdrX03ZMaFNQL/vdTU1tZmGcVjOgBN8O42Y=
